
Microsoft Visual Studio Solution File, Format Version 12.00
# Visual Studio 2012
Project("{FAE04EC0-301F-11D3-BF4B-00C04F79EFBC}") = "MyCycleZone.in", "MyCycleZone.in\MyCycleZone.in.csproj", "{A2723868-9251-4BB9-8AC8-0FA2756CEAB8}"
EndProject
Global
	GlobalSection(SolutionConfigurationPlatforms) = preSolution
		Debug|Any CPU = Debug|Any CPU
		Release|Any CPU = Release|Any CPU
	EndGlobalSection
	GlobalSection(ProjectConfigurationPlatforms) = postSolution
		{A2723868-9251-4BB9-8AC8-0FA2756CEAB8}.Debug|Any CPU.ActiveCfg = Debug|Any CPU
		{A2723868-9251-4BB9-8AC8-0FA2756CEAB8}.Debug|Any CPU.Build.0 = Debug|Any CPU
		{A2723868-9251-4BB9-8AC8-0FA2756CEAB8}.Release|Any CPU.ActiveCfg = Release|Any CPU
		{A2723868-9251-4BB9-8AC8-0FA2756CEAB8}.Release|Any CPU.Build.0 = Release|Any CPU
	EndGlobalSection
	GlobalSection(SolutionProperties) = preSolution
		HideSolutionNode = FALSE
	EndGlobalSection
EndGlobal
